{
  "name": "sharec",
  "version": "3.2.1",
  "lockfileVersion": 2,
  "requires": true,
  "packages": {
    "": {
      "name": "sharec",
      "version": "3.1.1",
      "license": "MIT",
      "dependencies": {
        "minimist": "^1.2.6",
        "nanospinner": "^1.1.0",
        "picocolors": "^1.0.0",
        "sharec-core": "^3.1.1"
      },
      "bin": {
        "sharec": "bin/sharec"
      }
    },
    "node_modules/argparse": {
      "version": "2.0.1",
      "resolved": "https://registry.npmjs.org/argparse/-/argparse-2.0.1.tgz",
      "integrity": "sha512-8+9WqebbFzpX9OR+Wa6O29asIogeRMzcGtAINdpMHHyAg10f05aSFVBbcEqGf/PXw1EjAZ+q2/bEBg3DvurK3Q=="
    },
    "node_modules/balanced-match": {
      "version": "1.0.2",
      "resolved": "https://registry.npmjs.org/balanced-match/-/balanced-match-1.0.2.tgz",
      "integrity": "sha512-3oSeUO0TMV67hN1AmbXsK4yaqU7tjiHlbxRDZOpH0KW9+CeX4bRAaX0Anxt0tx2MrpRpWwQaPwIlISEJhYU5Pw=="
    },
    "node_modules/brace-expansion": {
      "version": "1.1.11",
      "resolved": "https://registry.npmjs.org/brace-expansion/-/brace-expansion-1.1.11.tgz",
      "integrity": "sha512-iCuPHDFgrHX7H2vEI/5xpz07zSHB00TpugqhmYtVmMO6518mCuRMoOYFldEBl0g187ufozdaHgWKcYFb61qGiA==",
      "dependencies": {
        "balanced-match": "^1.0.0",
        "concat-map": "0.0.1"
      }
    },
    "node_modules/concat-map": {
      "version": "0.0.1",
      "resolved": "https://registry.npmjs.org/concat-map/-/concat-map-0.0.1.tgz",
      "integrity": "sha1-2Klr13/Wjfd5OnMDajug1UBdR3s="
    },
    "node_modules/detect-indent": {
      "version": "6.1.0",
      "resolved": "https://registry.npmjs.org/detect-indent/-/detect-indent-6.1.0.tgz",
      "integrity": "sha512-reYkTUJAZb9gUuZ2RvVCNhVHdg62RHnJ7WJl8ftMi4diZ6NWlciOzQN88pUhSELEwflJht4oQDv0F0BMlwaYtA==",
      "engines": {
        "node": ">=8"
      }
    },
    "node_modules/js-yaml": {
      "version": "4.1.0",
      "resolved": "https://registry.npmjs.org/js-yaml/-/js-yaml-4.1.0.tgz",
      "integrity": "sha512-wpxZs9NoxZaJESJGIZTyDEaYpl0FKSA+FB9aJiyemKhMwkxQg63h4T1KJgUGHpTqPDNRcmmYLugrRjJlBtWvRA==",
      "dependencies": {
        "argparse": "^2.0.1"
      },
      "bin": {
        "js-yaml": "bin/js-yaml.js"
      }
    },
    "node_modules/json8": {
      "version": "1.0.5",
      "resolved": "https://registry.npmjs.org/json8/-/json8-1.0.5.tgz",
      "integrity": "sha512-TnyzPW+84OwR9znGJ1DeJkucxkCEP37vNLoPuK7p0VJ3MrjhxgW+t+AbkW9vfNzxMv0tIDvzOYS1rJ7eUdcTwA==",
      "engines": {
        "node": ">= 7.6.0"
      }
    },
    "node_modules/lodash.flow": {
      "version": "3.5.0",
      "resolved": "https://registry.npmjs.org/lodash.flow/-/lodash.flow-3.5.0.tgz",
      "integrity": "sha1-h79AKSuM+D5OjOGjrkIJ4gBxZ1o="
    },
    "node_modules/lodash.get": {
      "version": "4.4.2",
      "resolved": "https://registry.npmjs.org/lodash.get/-/lodash.get-4.4.2.tgz",
      "integrity": "sha1-LRd/ZS+jHpObRDjVNBSZ36OCXpk="
    },
    "node_modules/lodash.head": {
      "version": "4.0.1",
      "resolved": "https://registry.npmjs.org/lodash.head/-/lodash.head-4.0.1.tgz",
      "integrity": "sha1-4qoyLT7EDNaq4YYIKXfZk7NU7Zw="
    },
    "node_modules/lodash.identity": {
      "version": "3.0.0",
      "resolved": "https://registry.npmjs.org/lodash.identity/-/lodash.identity-3.0.0.tgz",
      "integrity": "sha1-rXvGpOZH15yXLhuA/u968VYmeHY="
    },
    "node_modules/lodash.isequal": {
      "version": "4.5.0",
      "resolved": "https://registry.npmjs.org/lodash.isequal/-/lodash.isequal-4.5.0.tgz",
      "integrity": "sha1-QVxEePK8wwEgwizhDtMib30+GOA="
    },
    "node_modules/lodash.isundefined": {
      "version": "3.0.1",
      "resolved": "https://registry.npmjs.org/lodash.isundefined/-/lodash.isundefined-3.0.1.tgz",
      "integrity": "sha1-I+89lTVWUgOmbO/VuDD4SJEa+0g="
    },
    "node_modules/lodash.last": {
      "version": "3.0.0",
      "resolved": "https://registry.npmjs.org/lodash.last/-/lodash.last-3.0.0.tgz",
      "integrity": "sha1-JC9mMRLdTG5jcoxgo8kJ0b2tvUw="
    },
    "node_modules/lodash.mapvalues": {
      "version": "4.6.0",
      "resolved": "https://registry.npmjs.org/lodash.mapvalues/-/lodash.mapvalues-4.6.0.tgz",
      "integrity": "sha1-G6+lAF3p3W9PJmaMMMo3IwzJaJw="
    },
    "node_modules/lodash.omit": {
      "version": "4.5.0",
      "resolved": "https://registry.npmjs.org/lodash.omit/-/lodash.omit-4.5.0.tgz",
      "integrity": "sha1-brGa5aHuHdnfC5aeZs4Lf6MLXmA="
    },
    "node_modules/lodash.omitby": {
      "version": "4.6.0",
      "resolved": "https://registry.npmjs.org/lodash.omitby/-/lodash.omitby-4.6.0.tgz",
      "integrity": "sha1-XBX/R1StVVAWtTwEExHo8HkgR5E="
    },
    "node_modules/lodash.trim": {
      "version": "4.5.1",
      "resolved": "https://registry.npmjs.org/lodash.trim/-/lodash.trim-4.5.1.tgz",
      "integrity": "sha1-NkJefukL5KpeJ7zruFt9EepHqlc="
    },
    "node_modules/lodash.uniqwith": {
      "version": "4.5.0",
      "resolved": "https://registry.npmjs.org/lodash.uniqwith/-/lodash.uniqwith-4.5.0.tgz",
      "integrity": "sha1-egy/ZfQ7WShiWp1NDcVLGMrcfvM="
    },
    "node_modules/lodash.without": {
      "version": "4.4.0",
      "resolved": "https://registry.npmjs.org/lodash.without/-/lodash.without-4.4.0.tgz",
      "integrity": "sha1-PNRXSgC2e643OpS3SHcmQFB7eqw="
    },
    "node_modules/minimatch": {
      "version": "3.1.2",
      "resolved": "https://registry.npmjs.org/minimatch/-/minimatch-3.1.2.tgz",
      "integrity": "sha512-J7p63hRiAjw1NDEww1W7i37+ByIrOWO5XQQAzZ3VOcL0PNybwpfmV/N05zFAzwQ9USyEcX6t3UO+K5aqBQOIHw==",
      "dependencies": {
        "brace-expansion": "^1.1.7"
      },
      "engines": {
        "node": "*"
      }
    },
    "node_modules/minimist": {
      "version": "1.2.6",
      "resolved": "https://registry.npmjs.org/minimist/-/minimist-1.2.6.tgz",
      "integrity": "sha512-Jsjnk4bw3YJqYzbdyBiNsPWHPfO++UGG749Cxs6peCu5Xg4nrena6OVxOYxrQTqww0Jmwt+Ref8rggumkTLz9Q=="
    },
    "node_modules/nanospinner": {
      "version": "1.1.0",
      "resolved": "https://registry.npmjs.org/nanospinner/-/nanospinner-1.1.0.tgz",
      "integrity": "sha512-yFvNYMig4AthKYfHFl1sLj7B2nkHL4lzdig4osvl9/LdGbXwrdFRoqBS98gsEsOakr0yH+r5NZ/1Y9gdVB8trA==",
      "dependencies": {
        "picocolors": "^1.0.0"
      }
    },
    "node_modules/picocolors": {
      "version": "1.0.0",
      "resolved": "https://registry.npmjs.org/picocolors/-/picocolors-1.0.0.tgz",
      "integrity": "sha512-1fygroTLlHu66zi26VoTDv8yRgm0Fccecssto+MhsZ0D/DGW2sm8E8AjW7NU5VVTRt5GxbeZ5qBuJr+HyLYkjQ=="
    },
    "node_modules/sharec-core": {
      "version": "3.1.1",
      "resolved": "https://registry.npmjs.org/sharec-core/-/sharec-core-3.1.1.tgz",
      "integrity": "sha512-tNansZhZfxh8+xaGJRAnrL+h83vW0+12gev5FFqD8njOAhmIzVe26BnHtzNcWNvY3oxAeA+YvC3hZzY8a4oD1g==",
      "dependencies": {
        "lodash.get": "^4.4.2",
        "lodash.omit": "^4.5.0",
        "sharec-schema": "^3.1.0",
        "sharec-utils": "^3.1.0"
      }
    },
    "node_modules/sharec-schema": {
      "version": "3.1.0",
      "resolved": "https://registry.npmjs.org/sharec-schema/-/sharec-schema-3.1.0.tgz",
      "integrity": "sha512-fmYc4ou1iz2Y4SOhjZFKJoKiEMlUDDGJb+NkDqdkxk3HdS+Mm6Cp0thT9EzB4hzWmPtWd40uDBMREq7hKoUung==",
      "dependencies": {
        "js-yaml": "^4.0.0",
        "json8": "^1.0.3",
        "lodash.flow": "^3.5.0",
        "lodash.head": "^4.0.1",
        "lodash.identity": "^3.0.0",
        "lodash.isequal": "^4.5.0",
        "lodash.isundefined": "^3.0.1",
        "lodash.last": "^3.0.0",
        "lodash.mapvalues": "^4.6.0",
        "lodash.omitby": "^4.6.0",
        "lodash.trim": "^4.5.1",
        "lodash.uniqwith": "^4.5.0",
        "lodash.without": "^4.4.0",
        "sharec-utils": "^3.1.0"
      }
    },
    "node_modules/sharec-utils": {
      "version": "3.1.0",
      "resolved": "https://registry.npmjs.org/sharec-utils/-/sharec-utils-3.1.0.tgz",
      "integrity": "sha512-Xt6czQ0J/Ogt7Zi3cBzErwSwmBB1DjGaGYRT71YrGaXAgE1iMvAbcqtJLeahVNTl7Em7fTDOgW7gPG+ghkKQkg==",
      "dependencies": {
        "detect-indent": "^6.1.0",
        "lodash.get": "^4.4.2",
        "minimatch": "^3.0.4",
        "slash": "^3.0.0"
      }
    },
    "node_modules/slash": {
      "version": "3.0.0",
      "resolved": "https://registry.npmjs.org/slash/-/slash-3.0.0.tgz",
      "integrity": "sha512-g9Q1haeby36OSStwb4ntCGGGaKsaVSjQ68fBxoQcutl5fS1vuY18H3wSt3jFyFtrkx+Kz0V1G85A4MyAdDMi2Q==",
      "engines": {
        "node": ">=8"
      }
    }
  },
  "dependencies": {
    "argparse": {
      "version": "2.0.1",
      "resolved": "https://registry.npmjs.org/argparse/-/argparse-2.0.1.tgz",
      "integrity": "sha512-8+9WqebbFzpX9OR+Wa6O29asIogeRMzcGtAINdpMHHyAg10f05aSFVBbcEqGf/PXw1EjAZ+q2/bEBg3DvurK3Q=="
    },
    "balanced-match": {
      "version": "1.0.2",
      "resolved": "https://registry.npmjs.org/balanced-match/-/balanced-match-1.0.2.tgz",
      "integrity": "sha512-3oSeUO0TMV67hN1AmbXsK4yaqU7tjiHlbxRDZOpH0KW9+CeX4bRAaX0Anxt0tx2MrpRpWwQaPwIlISEJhYU5Pw=="
    },
    "brace-expansion": {
      "version": "1.1.11",
      "resolved": "https://registry.npmjs.org/brace-expansion/-/brace-expansion-1.1.11.tgz",
      "integrity": "sha512-iCuPHDFgrHX7H2vEI/5xpz07zSHB00TpugqhmYtVmMO6518mCuRMoOYFldEBl0g187ufozdaHgWKcYFb61qGiA==",
      "requires": {
        "balanced-match": "^1.0.0",
        "concat-map": "0.0.1"
      }
    },
    "concat-map": {
      "version": "0.0.1",
      "resolved": "https://registry.npmjs.org/concat-map/-/concat-map-0.0.1.tgz",
      "integrity": "sha1-2Klr13/Wjfd5OnMDajug1UBdR3s="
    },
    "detect-indent": {
      "version": "6.1.0",
      "resolved": "https://registry.npmjs.org/detect-indent/-/detect-indent-6.1.0.tgz",
      "integrity": "sha512-reYkTUJAZb9gUuZ2RvVCNhVHdg62RHnJ7WJl8ftMi4diZ6NWlciOzQN88pUhSELEwflJht4oQDv0F0BMlwaYtA=="
    },
    "js-yaml": {
      "version": "4.1.0",
      "resolved": "https://registry.npmjs.org/js-yaml/-/js-yaml-4.1.0.tgz",
      "integrity": "sha512-wpxZs9NoxZaJESJGIZTyDEaYpl0FKSA+FB9aJiyemKhMwkxQg63h4T1KJgUGHpTqPDNRcmmYLugrRjJlBtWvRA==",
      "requires": {
        "argparse": "^2.0.1"
      }
    },
    "json8": {
      "version": "1.0.5",
      "resolved": "https://registry.npmjs.org/json8/-/json8-1.0.5.tgz",
      "integrity": "sha512-TnyzPW+84OwR9znGJ1DeJkucxkCEP37vNLoPuK7p0VJ3MrjhxgW+t+AbkW9vfNzxMv0tIDvzOYS1rJ7eUdcTwA=="
    },
    "lodash.flow": {
      "version": "3.5.0",
      "resolved": "https://registry.npmjs.org/lodash.flow/-/lodash.flow-3.5.0.tgz",
      "integrity": "sha1-h79AKSuM+D5OjOGjrkIJ4gBxZ1o="
    },
    "lodash.get": {
      "version": "4.4.2",
      "resolved": "https://registry.npmjs.org/lodash.get/-/lodash.get-4.4.2.tgz",
      "integrity": "sha1-LRd/ZS+jHpObRDjVNBSZ36OCXpk="
    },
    "lodash.head": {
      "version": "4.0.1",
      "resolved": "https://registry.npmjs.org/lodash.head/-/lodash.head-4.0.1.tgz",
      "integrity": "sha1-4qoyLT7EDNaq4YYIKXfZk7NU7Zw="
    },
    "lodash.identity": {
      "version": "3.0.0",
      "resolved": "https://registry.npmjs.org/lodash.identity/-/lodash.identity-3.0.0.tgz",
      "integrity": "sha1-rXvGpOZH15yXLhuA/u968VYmeHY="
    },
    "lodash.isequal": {
      "version": "4.5.0",
      "resolved": "https://registry.npmjs.org/lodash.isequal/-/lodash.isequal-4.5.0.tgz",
      "integrity": "sha1-QVxEePK8wwEgwizhDtMib30+GOA="
    },
    "lodash.isundefined": {
      "version": "3.0.1",
      "resolved": "https://registry.npmjs.org/lodash.isundefined/-/lodash.isundefined-3.0.1.tgz",
      "integrity": "sha1-I+89lTVWUgOmbO/VuDD4SJEa+0g="
    },
    "lodash.last": {
      "version": "3.0.0",
      "resolved": "https://registry.npmjs.org/lodash.last/-/lodash.last-3.0.0.tgz",
      "integrity": "sha1-JC9mMRLdTG5jcoxgo8kJ0b2tvUw="
    },
    "lodash.mapvalues": {
      "version": "4.6.0",
      "resolved": "https://registry.npmjs.org/lodash.mapvalues/-/lodash.mapvalues-4.6.0.tgz",
      "integrity": "sha1-G6+lAF3p3W9PJmaMMMo3IwzJaJw="
    },
    "lodash.omit": {
      "version": "4.5.0",
      "resolved": "https://registry.npmjs.org/lodash.omit/-/lodash.omit-4.5.0.tgz",
      "integrity": "sha1-brGa5aHuHdnfC5aeZs4Lf6MLXmA="
    },
    "lodash.omitby": {
      "version": "4.6.0",
      "resolved": "https://registry.npmjs.org/lodash.omitby/-/lodash.omitby-4.6.0.tgz",
      "integrity": "sha1-XBX/R1StVVAWtTwEExHo8HkgR5E="
    },
    "lodash.trim": {
      "version": "4.5.1",
      "resolved": "https://registry.npmjs.org/lodash.trim/-/lodash.trim-4.5.1.tgz",
      "integrity": "sha1-NkJefukL5KpeJ7zruFt9EepHqlc="
    },
    "lodash.uniqwith": {
      "version": "4.5.0",
      "resolved": "https://registry.npmjs.org/lodash.uniqwith/-/lodash.uniqwith-4.5.0.tgz",
      "integrity": "sha1-egy/ZfQ7WShiWp1NDcVLGMrcfvM="
    },
    "lodash.without": {
      "version": "4.4.0",
      "resolved": "https://registry.npmjs.org/lodash.without/-/lodash.without-4.4.0.tgz",
      "integrity": "sha1-PNRXSgC2e643OpS3SHcmQFB7eqw="
    },
    "minimatch": {
      "version": "3.1.2",
      "resolved": "https://registry.npmjs.org/minimatch/-/minimatch-3.1.2.tgz",
      "integrity": "sha512-J7p63hRiAjw1NDEww1W7i37+ByIrOWO5XQQAzZ3VOcL0PNybwpfmV/N05zFAzwQ9USyEcX6t3UO+K5aqBQOIHw==",
      "requires": {
        "brace-expansion": "^1.1.7"
      }
    },
    "minimist": {
      "version": "1.2.6",
      "resolved": "https://registry.npmjs.org/minimist/-/minimist-1.2.6.tgz",
      "integrity": "sha512-Jsjnk4bw3YJqYzbdyBiNsPWHPfO++UGG749Cxs6peCu5Xg4nrena6OVxOYxrQTqww0Jmwt+Ref8rggumkTLz9Q=="
    },
    "nanospinner": {
      "version": "1.1.0",
      "resolved": "https://registry.npmjs.org/nanospinner/-/nanospinner-1.1.0.tgz",
      "integrity": "sha512-yFvNYMig4AthKYfHFl1sLj7B2nkHL4lzdig4osvl9/LdGbXwrdFRoqBS98gsEsOakr0yH+r5NZ/1Y9gdVB8trA==",
      "requires": {
        "picocolors": "^1.0.0"
      }
    },
    "picocolors": {
      "version": "1.0.0",
      "resolved": "https://registry.npmjs.org/picocolors/-/picocolors-1.0.0.tgz",
      "integrity": "sha512-1fygroTLlHu66zi26VoTDv8yRgm0Fccecssto+MhsZ0D/DGW2sm8E8AjW7NU5VVTRt5GxbeZ5qBuJr+HyLYkjQ=="
    },
    "sharec-core": {
      "version": "3.1.1",
      "resolved": "https://registry.npmjs.org/sharec-core/-/sharec-core-3.1.1.tgz",
      "integrity": "sha512-tNansZhZfxh8+xaGJRAnrL+h83vW0+12gev5FFqD8njOAhmIzVe26BnHtzNcWNvY3oxAeA+YvC3hZzY8a4oD1g==",
      "requires": {
        "lodash.get": "^4.4.2",
        "lodash.omit": "^4.5.0",
        "sharec-schema": "^3.1.0",
        "sharec-utils": "^3.1.0"
      }
    },
    "sharec-schema": {
      "version": "3.1.0",
      "resolved": "https://registry.npmjs.org/sharec-schema/-/sharec-schema-3.1.0.tgz",
      "integrity": "sha512-fmYc4ou1iz2Y4SOhjZFKJoKiEMlUDDGJb+NkDqdkxk3HdS+Mm6Cp0thT9EzB4hzWmPtWd40uDBMREq7hKoUung==",
      "requires": {
        "js-yaml": "^4.0.0",
        "json8": "^1.0.3",
        "lodash.flow": "^3.5.0",
        "lodash.head": "^4.0.1",
        "lodash.identity": "^3.0.0",
        "lodash.isequal": "^4.5.0",
        "lodash.isundefined": "^3.0.1",
        "lodash.last": "^3.0.0",
        "lodash.mapvalues": "^4.6.0",
        "lodash.omitby": "^4.6.0",
        "lodash.trim": "^4.5.1",
        "lodash.uniqwith": "^4.5.0",
        "lodash.without": "^4.4.0",
        "sharec-utils": "^3.1.0"
      }
    },
    "sharec-utils": {
      "version": "3.1.0",
      "resolved": "https://registry.npmjs.org/sharec-utils/-/sharec-utils-3.1.0.tgz",
      "integrity": "sha512-Xt6czQ0J/Ogt7Zi3cBzErwSwmBB1DjGaGYRT71YrGaXAgE1iMvAbcqtJLeahVNTl7Em7fTDOgW7gPG+ghkKQkg==",
      "requires": {
        "detect-indent": "^6.1.0",
        "lodash.get": "^4.4.2",
        "minimatch": "^3.0.4",
        "slash": "^3.0.0"
      }
    },
    "slash": {
      "version": "3.0.0",
      "resolved": "https://registry.npmjs.org/slash/-/slash-3.0.0.tgz",
      "integrity": "sha512-g9Q1haeby36OSStwb4ntCGGGaKsaVSjQ68fBxoQcutl5fS1vuY18H3wSt3jFyFtrkx+Kz0V1G85A4MyAdDMi2Q=="
    }
  }
}
